
Microsoft Visual Studio Solution File, Format Version 12.00
# Visual Studio Version 17
VisualStudioVersion = 17.7.34031.279
MinimumVisualStudioVersion = 10.0.40219.1
Project("{9A19103F-16F7-4668-BE54-9A1E7A4F7556}") = "DAQSystemVer2", "DAQSystemVer2\DAQSystemVer2.csproj", "{1C417B3E-05D0-495F-A4D7-152F6424D442}"
EndProject
Project("{9A19103F-16F7-4668-BE54-9A1E7A4F7556}") = "Common", "Common\Common.csproj", "{0C2A40E4-6D0C-4B81-91CA-CF251811733E}"
EndProject
Project("{9A19103F-16F7-4668-BE54-9A1E7A4F7556}") = "DataAcquisition", "DataAcquisition\DataAcquisition.csproj", "{2B11D8D7-E0AE-4B7C-B25C-832267CA0399}"
EndProject
Global
	GlobalSection(SolutionConfigurationPlatforms) = preSolution
		Debug|Any CPU = Debug|Any CPU
		Debug|x64 = Debug|x64
		Release|Any CPU = Release|Any CPU
		Release|x64 = Release|x64
	EndGlobalSection
	GlobalSection(ProjectConfigurationPlatforms) = postSolution
		{1C417B3E-05D0-495F-A4D7-152F6424D442}.Debug|Any CPU.ActiveCfg = Debug|x64
		{1C417B3E-05D0-495F-A4D7-152F6424D442}.Debug|Any CPU.Build.0 = Debug|x64
		{1C417B3E-05D0-495F-A4D7-152F6424D442}.Debug|x64.ActiveCfg = Debug|x64
		{1C417B3E-05D0-495F-A4D7-152F6424D442}.Debug|x64.Build.0 = Debug|x64
		{1C417B3E-05D0-495F-A4D7-152F6424D442}.Release|Any CPU.ActiveCfg = Release|x64
		{1C417B3E-05D0-495F-A4D7-152F6424D442}.Release|Any CPU.Build.0 = Release|x64
		{1C417B3E-05D0-495F-A4D7-152F6424D442}.Release|x64.ActiveCfg = Release|x64
		{1C417B3E-05D0-495F-A4D7-152F6424D442}.Release|x64.Build.0 = Release|x64
		{0C2A40E4-6D0C-4B81-91CA-CF251811733E}.Debug|Any CPU.ActiveCfg = Debug|x64
		{0C2A40E4-6D0C-4B81-91CA-CF251811733E}.Debug|Any CPU.Build.0 = Debug|x64
		{0C2A40E4-6D0C-4B81-91CA-CF251811733E}.Debug|x64.ActiveCfg = Debug|x64
		{0C2A40E4-6D0C-4B81-91CA-CF251811733E}.Debug|x64.Build.0 = Debug|x64
		{0C2A40E4-6D0C-4B81-91CA-CF251811733E}.Release|Any CPU.ActiveCfg = Release|x64
		{0C2A40E4-6D0C-4B81-91CA-CF251811733E}.Release|Any CPU.Build.0 = Release|x64
		{0C2A40E4-6D0C-4B81-91CA-CF251811733E}.Release|x64.ActiveCfg = Release|x64
		{0C2A40E4-6D0C-4B81-91CA-CF251811733E}.Release|x64.Build.0 = Release|x64
		{2B11D8D7-E0AE-4B7C-B25C-832267CA0399}.Debug|Any CPU.ActiveCfg = Debug|x64
		{2B11D8D7-E0AE-4B7C-B25C-832267CA0399}.Debug|Any CPU.Build.0 = Debug|x64
		{2B11D8D7-E0AE-4B7C-B25C-832267CA0399}.Debug|x64.ActiveCfg = Debug|x64
		{2B11D8D7-E0AE-4B7C-B25C-832267CA0399}.Debug|x64.Build.0 = Debug|x64
		{2B11D8D7-E0AE-4B7C-B25C-832267CA0399}.Release|Any CPU.ActiveCfg = Release|x64
		{2B11D8D7-E0AE-4B7C-B25C-832267CA0399}.Release|Any CPU.Build.0 = Release|x64
		{2B11D8D7-E0AE-4B7C-B25C-832267CA0399}.Release|x64.ActiveCfg = Release|x64
		{2B11D8D7-E0AE-4B7C-B25C-832267CA0399}.Release|x64.Build.0 = Release|x64
	EndGlobalSection
	GlobalSection(SolutionProperties) = preSolution
		HideSolutionNode = FALSE
	EndGlobalSection
	GlobalSection(ExtensibilityGlobals) = postSolution
		SolutionGuid = {F17F4C15-D107-4234-BDF0-99D4400BB0B9}
	EndGlobalSection
EndGlobal
